
Microsoft Visual Studio Solution File, Format Version 12.00
# Visual Studio 15
VisualStudioVersion = 15.0.28307.572
MinimumVisualStudioVersion = 10.0.40219.1
Project("{FAE04EC0-301F-11D3-BF4B-00C04F79EFBC}") = "DemoApplication", "DemoApplication\DemoApplication.csproj", "{13EA9E65-EC3D-4C63-A1DB-7A70F45A632B}"
EndProject
Global
	GlobalSection(SolutionConfigurationPlatforms) = preSolution
		Debug|Any CPU = Debug|Any CPU
		Release|Any CPU = Release|Any CPU
	EndGlobalSection
	GlobalSection(ProjectConfigurationPlatforms) = postSolution
		{13EA9E65-EC3D-4C63-A1DB-7A70F45A632B}.Debug|Any CPU.ActiveCfg = Debug|Any CPU
		{13EA9E65-EC3D-4C63-A1DB-7A70F45A632B}.Debug|Any CPU.Build.0 = Debug|Any CPU
		{13EA9E65-EC3D-4C63-A1DB-7A70F45A632B}.Release|Any CPU.ActiveCfg = Release|Any CPU
		{13EA9E65-EC3D-4C63-A1DB-7A70F45A632B}.Release|Any CPU.Build.0 = Release|Any CPU
	EndGlobalSection
	GlobalSection(SolutionProperties) = preSolution
		HideSolutionNode = FALSE
	EndGlobalSection
	GlobalSection(ExtensibilityGlobals) = postSolution
		SolutionGuid = {FCDF354A-0842-4C9B-9D2F-410BFE9C919F}
	EndGlobalSection
EndGlobal
